# This file is autogenerated, do not edit; changes may be undone by the next 'dep ensure'.


[[projects]]
  name = "github.com/onsi/gomega"
  packages = ["format"]
  revision = "c893efa28eb45626cdaa76c9f653b62488858837"
  version = "v1.2.0"

[solve-meta]
  analyzer-name = "dep"
  analyzer-version = 1
  inputs-digest = "5e0de845bb486cf6d10bd90820c209918c72ab17ca60b1824309f496393de40e"
  solver-name = "gps-cdcl"
  solver-version = 1
